
Microsoft Visual Studio Solution File, Format Version 12.00
# Visual Studio Version 17
VisualStudioVersion = 17.7.34031.279
MinimumVisualStudioVersion = 10.0.40219.1
Project("{9A19103F-16F7-4668-BE54-9A1E7A4F7556}") = "AdventOfCode.Common", "Common\AdventOfCode.Common\AdventOfCode.Common.csproj", "{7C2A31E4-1758-427B-BFCE-C6EF1E0482BE}"
EndProject
Project("{2150E333-8FDC-42A3-9474-1A3956D46DE8}") = "AdventOfCode.Common", "AdventOfCode.Common", "{8F114708-88CB-4BF0-A132-B3219B1A954C}"
EndProject
Project("{2150E333-8FDC-42A3-9474-1A3956D46DE8}") = "Solution Items", "Solution Items", "{FE517000-65F5-4769-A0A9-7FF21C8D856B}"
	ProjectSection(SolutionItems) = preProject
		.editorconfig = .editorconfig
		.gitignore = .gitignore
		.nvmrc = .nvmrc
		Directory.Build.props = Directory.Build.props
		Directory.Packages.props = Directory.Packages.props
		global.json = global.json
		renovate.json = renovate.json
		stylecop.json = stylecop.json
	EndProjectSection
EndProject
Project("{2150E333-8FDC-42A3-9474-1A3956D46DE8}") = "AdventOfCode", "AdventOfCode", "{29083C32-7788-4AF3-A1EC-6809CA359FB5}"
EndProject
Project("{2150E333-8FDC-42A3-9474-1A3956D46DE8}") = "Y2022", "Y2022", "{49A7C172-FFBE-4F72-82B5-9D37AC5D532B}"
EndProject
Project("{9A19103F-16F7-4668-BE54-9A1E7A4F7556}") = "AdventOfCode.Common.Test", "Common\AdventOfCode.Common.Test\AdventOfCode.Common.Test.csproj", "{E3823DEB-823A-4AE6-B6BE-6E859D9E756E}"
EndProject
Project("{9A19103F-16F7-4668-BE54-9A1E7A4F7556}") = "AdventOfCode.Y2022", "Solvers\Y2022\AdventOfCode.Y2022\AdventOfCode.Y2022.csproj", "{EEBCC406-A99A-4B04-86E3-DD8E5281F5AA}"
EndProject
Project("{9A19103F-16F7-4668-BE54-9A1E7A4F7556}") = "AdventOfCode.Y2022.Test", "Solvers\Y2022\AdventOfCode.Y2022.Test\AdventOfCode.Y2022.Test.csproj", "{0D2B6681-E51D-4EF1-AC6C-CDC7463C252C}"
EndProject
Project("{2150E333-8FDC-42A3-9474-1A3956D46DE8}") = ".github", ".github", "{7D3B9166-60E8-462E-A19C-866D83A12BFF}"
EndProject
Project("{2150E333-8FDC-42A3-9474-1A3956D46DE8}") = "workflows", "workflows", "{D4B314C3-7E7E-404F-AB4A-98E69625D0FA}"
	ProjectSection(SolutionItems) = preProject
		.github\workflows\dotnet.yml = .github\workflows\dotnet.yml
	EndProjectSection
EndProject
Project("{2150E333-8FDC-42A3-9474-1A3956D46DE8}") = ".husky", ".husky", "{A6A2D77F-C4E9-4E55-88CD-8F3D93F775EC}"
	ProjectSection(SolutionItems) = preProject
		.husky\pre-commit = .husky\pre-commit
		.husky\task-runner.json = .husky\task-runner.json
	EndProjectSection
EndProject
Project("{2150E333-8FDC-42A3-9474-1A3956D46DE8}") = ".config", ".config", "{0608F857-AD44-4068-8D30-A196ADD00CEE}"
	ProjectSection(SolutionItems) = preProject
		.config\dotnet-tools.json = .config\dotnet-tools.json
	EndProjectSection
EndProject
Project("{2150E333-8FDC-42A3-9474-1A3956D46DE8}") = ".devcontainer", ".devcontainer", "{1B321B1E-CF37-464C-851A-16FAA3F88049}"
	ProjectSection(SolutionItems) = preProject
		.devcontainer\devcontainer.json = .devcontainer\devcontainer.json
	EndProjectSection
EndProject
Project("{2150E333-8FDC-42A3-9474-1A3956D46DE8}") = "Y2023", "Y2023", "{DE887DDA-C222-4B25-9ACC-66E56C4CA25F}"
EndProject
Project("{9A19103F-16F7-4668-BE54-9A1E7A4F7556}") = "AdventOfCode.Y2023", "Solvers\Y2023\AdventOfCode.Y2023\AdventOfCode.Y2023.csproj", "{D0EAA78E-69DF-4C96-8E65-FD964EDC8846}"
EndProject
Project("{9A19103F-16F7-4668-BE54-9A1E7A4F7556}") = "AdventOfCode.Y2023.Test", "Solvers\Y2023\AdventOfCode.Y2023.Test\AdventOfCode.Y2023.Test.csproj", "{00E199BA-F655-4510-ACB6-4876EBE0793A}"
EndProject
Project("{2150E333-8FDC-42A3-9474-1A3956D46DE8}") = "Y2015", "Y2015", "{6220F679-80E7-43F3-897E-966A0747A3A7}"
EndProject
Project("{FAE04EC0-301F-11D3-BF4B-00C04F79EFBC}") = "AdventOfCode.Y2015", "Solvers\Y2015\AdventOfCode.Y2015\AdventOfCode.Y2015.csproj", "{BE30D0EB-9EFD-4A57-B87A-3DFC4CE6877C}"
EndProject
Project("{FAE04EC0-301F-11D3-BF4B-00C04F79EFBC}") = "AdventOfCode.Y2015.Test", "Solvers\Y2015\AdventOfCode.Y2015.Test\AdventOfCode.Y2015.Test.csproj", "{AE23CDE1-17F3-410F-800F-6C0F1770B37C}"
EndProject
Project("{2150E333-8FDC-42A3-9474-1A3956D46DE8}") = "Y2024", "Y2024", "{A9159024-DF11-4A0A-A770-77CC3B4B7B61}"
EndProject
Project("{FAE04EC0-301F-11D3-BF4B-00C04F79EFBC}") = "AdventOfCode.Y2024", "Solvers\Y2024\AdventOfCode.Y2024\AdventOfCode.Y2024.csproj", "{113C61A7-EE62-420E-9DFB-66381839CBAC}"
EndProject
Project("{FAE04EC0-301F-11D3-BF4B-00C04F79EFBC}") = "AdventOfCode.Y2024.Test", "Solvers\Y2024\AdventOfCode.Y2024.Test\AdventOfCode.Y2024.Test.csproj", "{B217CEA3-70B5-40A9-B977-04538B09131D}"
EndProject
Global
	GlobalSection(SolutionConfigurationPlatforms) = preSolution
		Debug|Any CPU = Debug|Any CPU
		Release|Any CPU = Release|Any CPU
	EndGlobalSection
	GlobalSection(ProjectConfigurationPlatforms) = postSolution
		{7C2A31E4-1758-427B-BFCE-C6EF1E0482BE}.Debug|Any CPU.ActiveCfg = Debug|Any CPU
		{7C2A31E4-1758-427B-BFCE-C6EF1E0482BE}.Debug|Any CPU.Build.0 = Debug|Any CPU
		{7C2A31E4-1758-427B-BFCE-C6EF1E0482BE}.Release|Any CPU.ActiveCfg = Release|Any CPU
		{7C2A31E4-1758-427B-BFCE-C6EF1E0482BE}.Release|Any CPU.Build.0 = Release|Any CPU
		{E3823DEB-823A-4AE6-B6BE-6E859D9E756E}.Debug|Any CPU.ActiveCfg = Debug|Any CPU
		{E3823DEB-823A-4AE6-B6BE-6E859D9E756E}.Debug|Any CPU.Build.0 = Debug|Any CPU
		{E3823DEB-823A-4AE6-B6BE-6E859D9E756E}.Release|Any CPU.ActiveCfg = Release|Any CPU
		{E3823DEB-823A-4AE6-B6BE-6E859D9E756E}.Release|Any CPU.Build.0 = Release|Any CPU
		{EEBCC406-A99A-4B04-86E3-DD8E5281F5AA}.Debug|Any CPU.ActiveCfg = Debug|Any CPU
		{EEBCC406-A99A-4B04-86E3-DD8E5281F5AA}.Debug|Any CPU.Build.0 = Debug|Any CPU
		{EEBCC406-A99A-4B04-86E3-DD8E5281F5AA}.Release|Any CPU.ActiveCfg = Release|Any CPU
		{EEBCC406-A99A-4B04-86E3-DD8E5281F5AA}.Release|Any CPU.Build.0 = Release|Any CPU
		{0D2B6681-E51D-4EF1-AC6C-CDC7463C252C}.Debug|Any CPU.ActiveCfg = Debug|Any CPU
		{0D2B6681-E51D-4EF1-AC6C-CDC7463C252C}.Debug|Any CPU.Build.0 = Debug|Any CPU
		{0D2B6681-E51D-4EF1-AC6C-CDC7463C252C}.Release|Any CPU.ActiveCfg = Release|Any CPU
		{0D2B6681-E51D-4EF1-AC6C-CDC7463C252C}.Release|Any CPU.Build.0 = Release|Any CPU
		{D0EAA78E-69DF-4C96-8E65-FD964EDC8846}.Debug|Any CPU.ActiveCfg = Debug|Any CPU
		{D0EAA78E-69DF-4C96-8E65-FD964EDC8846}.Debug|Any CPU.Build.0 = Debug|Any CPU
		{D0EAA78E-69DF-4C96-8E65-FD964EDC8846}.Release|Any CPU.ActiveCfg = Release|Any CPU
		{D0EAA78E-69DF-4C96-8E65-FD964EDC8846}.Release|Any CPU.Build.0 = Release|Any CPU
		{00E199BA-F655-4510-ACB6-4876EBE0793A}.Debug|Any CPU.ActiveCfg = Debug|Any CPU
		{00E199BA-F655-4510-ACB6-4876EBE0793A}.Debug|Any CPU.Build.0 = Debug|Any CPU
		{00E199BA-F655-4510-ACB6-4876EBE0793A}.Release|Any CPU.ActiveCfg = Release|Any CPU
		{00E199BA-F655-4510-ACB6-4876EBE0793A}.Release|Any CPU.Build.0 = Release|Any CPU
		{BE30D0EB-9EFD-4A57-B87A-3DFC4CE6877C}.Debug|Any CPU.ActiveCfg = Debug|Any CPU
		{BE30D0EB-9EFD-4A57-B87A-3DFC4CE6877C}.Debug|Any CPU.Build.0 = Debug|Any CPU
		{BE30D0EB-9EFD-4A57-B87A-3DFC4CE6877C}.Release|Any CPU.ActiveCfg = Release|Any CPU
		{BE30D0EB-9EFD-4A57-B87A-3DFC4CE6877C}.Release|Any CPU.Build.0 = Release|Any CPU
		{AE23CDE1-17F3-410F-800F-6C0F1770B37C}.Debug|Any CPU.ActiveCfg = Debug|Any CPU
		{AE23CDE1-17F3-410F-800F-6C0F1770B37C}.Debug|Any CPU.Build.0 = Debug|Any CPU
		{AE23CDE1-17F3-410F-800F-6C0F1770B37C}.Release|Any CPU.ActiveCfg = Release|Any CPU
		{AE23CDE1-17F3-410F-800F-6C0F1770B37C}.Release|Any CPU.Build.0 = Release|Any CPU
		{113C61A7-EE62-420E-9DFB-66381839CBAC}.Debug|Any CPU.ActiveCfg = Debug|Any CPU
		{113C61A7-EE62-420E-9DFB-66381839CBAC}.Debug|Any CPU.Build.0 = Debug|Any CPU
		{113C61A7-EE62-420E-9DFB-66381839CBAC}.Release|Any CPU.ActiveCfg = Release|Any CPU
		{113C61A7-EE62-420E-9DFB-66381839CBAC}.Release|Any CPU.Build.0 = Release|Any CPU
		{B217CEA3-70B5-40A9-B977-04538B09131D}.Debug|Any CPU.ActiveCfg = Debug|Any CPU
		{B217CEA3-70B5-40A9-B977-04538B09131D}.Debug|Any CPU.Build.0 = Debug|Any CPU
		{B217CEA3-70B5-40A9-B977-04538B09131D}.Release|Any CPU.ActiveCfg = Release|Any CPU
		{B217CEA3-70B5-40A9-B977-04538B09131D}.Release|Any CPU.Build.0 = Release|Any CPU
	EndGlobalSection
	GlobalSection(SolutionProperties) = preSolution
		HideSolutionNode = FALSE
	EndGlobalSection
	GlobalSection(NestedProjects) = preSolution
		{7C2A31E4-1758-427B-BFCE-C6EF1E0482BE} = {8F114708-88CB-4BF0-A132-B3219B1A954C}
		{49A7C172-FFBE-4F72-82B5-9D37AC5D532B} = {29083C32-7788-4AF3-A1EC-6809CA359FB5}
		{E3823DEB-823A-4AE6-B6BE-6E859D9E756E} = {8F114708-88CB-4BF0-A132-B3219B1A954C}
		{EEBCC406-A99A-4B04-86E3-DD8E5281F5AA} = {49A7C172-FFBE-4F72-82B5-9D37AC5D532B}
		{0D2B6681-E51D-4EF1-AC6C-CDC7463C252C} = {49A7C172-FFBE-4F72-82B5-9D37AC5D532B}
		{7D3B9166-60E8-462E-A19C-866D83A12BFF} = {FE517000-65F5-4769-A0A9-7FF21C8D856B}
		{D4B314C3-7E7E-404F-AB4A-98E69625D0FA} = {7D3B9166-60E8-462E-A19C-866D83A12BFF}
		{A6A2D77F-C4E9-4E55-88CD-8F3D93F775EC} = {FE517000-65F5-4769-A0A9-7FF21C8D856B}
		{0608F857-AD44-4068-8D30-A196ADD00CEE} = {FE517000-65F5-4769-A0A9-7FF21C8D856B}
		{1B321B1E-CF37-464C-851A-16FAA3F88049} = {FE517000-65F5-4769-A0A9-7FF21C8D856B}
		{DE887DDA-C222-4B25-9ACC-66E56C4CA25F} = {29083C32-7788-4AF3-A1EC-6809CA359FB5}
		{D0EAA78E-69DF-4C96-8E65-FD964EDC8846} = {DE887DDA-C222-4B25-9ACC-66E56C4CA25F}
		{00E199BA-F655-4510-ACB6-4876EBE0793A} = {DE887DDA-C222-4B25-9ACC-66E56C4CA25F}
		{6220F679-80E7-43F3-897E-966A0747A3A7} = {29083C32-7788-4AF3-A1EC-6809CA359FB5}
		{BE30D0EB-9EFD-4A57-B87A-3DFC4CE6877C} = {6220F679-80E7-43F3-897E-966A0747A3A7}
		{AE23CDE1-17F3-410F-800F-6C0F1770B37C} = {6220F679-80E7-43F3-897E-966A0747A3A7}
		{A9159024-DF11-4A0A-A770-77CC3B4B7B61} = {29083C32-7788-4AF3-A1EC-6809CA359FB5}
		{113C61A7-EE62-420E-9DFB-66381839CBAC} = {A9159024-DF11-4A0A-A770-77CC3B4B7B61}
		{B217CEA3-70B5-40A9-B977-04538B09131D} = {A9159024-DF11-4A0A-A770-77CC3B4B7B61}
	EndGlobalSection
	GlobalSection(ExtensibilityGlobals) = postSolution
		SolutionGuid = {F0BA7C98-EAAA-4B9F-909E-C7441F52158C}
	EndGlobalSection
EndGlobal
