
Microsoft Visual Studio Solution File, Format Version 12.00
# Visual Studio Version 18
VisualStudioVersion = 18.0.11217.181 d18.0
MinimumVisualStudioVersion = 10.0.40219.1
Project("{2150E333-8FDC-42A3-9474-1A3956D46DE8}") = "Solution Items", "Solution Items", "{FE517000-65F5-4769-A0A9-7FF21C8D856B}"
	ProjectSection(SolutionItems) = preProject
		.editorconfig = .editorconfig
		.gitignore = .gitignore
		.nvmrc = .nvmrc
		Directory.Build.props = Directory.Build.props
		Directory.Packages.props = Directory.Packages.props
		global.json = global.json
		renovate.json = renovate.json
		stylecop.json = stylecop.json
	EndProjectSection
EndProject
Project("{2150E333-8FDC-42A3-9474-1A3956D46DE8}") = ".github", ".github", "{7D3B9166-60E8-462E-A19C-866D83A12BFF}"
EndProject
Project("{2150E333-8FDC-42A3-9474-1A3956D46DE8}") = "workflows", "workflows", "{D4B314C3-7E7E-404F-AB4A-98E69625D0FA}"
	ProjectSection(SolutionItems) = preProject
		.github\workflows\dotnet.yml = .github\workflows\dotnet.yml
	EndProjectSection
EndProject
Project("{2150E333-8FDC-42A3-9474-1A3956D46DE8}") = ".husky", ".husky", "{A6A2D77F-C4E9-4E55-88CD-8F3D93F775EC}"
	ProjectSection(SolutionItems) = preProject
		.husky\pre-commit = .husky\pre-commit
		.husky\task-runner.json = .husky\task-runner.json
	EndProjectSection
EndProject
Project("{2150E333-8FDC-42A3-9474-1A3956D46DE8}") = ".config", ".config", "{0608F857-AD44-4068-8D30-A196ADD00CEE}"
	ProjectSection(SolutionItems) = preProject
		.config\dotnet-tools.json = .config\dotnet-tools.json
	EndProjectSection
EndProject
Project("{2150E333-8FDC-42A3-9474-1A3956D46DE8}") = ".devcontainer", ".devcontainer", "{1B321B1E-CF37-464C-851A-16FAA3F88049}"
	ProjectSection(SolutionItems) = preProject
		.devcontainer\devcontainer.json = .devcontainer\devcontainer.json
	EndProjectSection
EndProject
Project("{2150E333-8FDC-42A3-9474-1A3956D46DE8}") = "src", "src", "{563890C6-D9EA-40ED-8249-4A4B4AAAA0B3}"
	ProjectSection(SolutionItems) = preProject
		src\Directory.Build.props = src\Directory.Build.props
	EndProjectSection
EndProject
Project("{2150E333-8FDC-42A3-9474-1A3956D46DE8}") = "test", "test", "{40C4DDBA-74F8-46EB-B7CC-CA061AAAD101}"
	ProjectSection(SolutionItems) = preProject
		test\Directory.Build.props = test\Directory.Build.props
	EndProjectSection
EndProject
Project("{2150E333-8FDC-42A3-9474-1A3956D46DE8}") = "Common", "Common", "{86AB2C83-29FB-46CF-96D9-CDF6EC99BE6E}"
EndProject
Project("{FAE04EC0-301F-11D3-BF4B-00C04F79EFBC}") = "AdventOfCode.Common", "src\Common\AdventOfCode.Common\AdventOfCode.Common.csproj", "{380F2A28-21A2-4D8F-B50D-BE3921CB83B7}"
EndProject
Project("{2150E333-8FDC-42A3-9474-1A3956D46DE8}") = "Common", "Common", "{84824890-4279-4B48-9BC8-D837FDD40ED6}"
EndProject
Project("{FAE04EC0-301F-11D3-BF4B-00C04F79EFBC}") = "AdventOfCode.Common.Test", "test\Common\AdventOfCode.Common.Test\AdventOfCode.Common.Test.csproj", "{A6F797DF-BA0E-4B53-8EAD-31E08B997411}"
EndProject
Project("{2150E333-8FDC-42A3-9474-1A3956D46DE8}") = "Solvers", "Solvers", "{7BD0218D-0096-4323-85CC-DAD6EAD10F02}"
	ProjectSection(SolutionItems) = preProject
		src\Solvers\Directory.Build.props = src\Solvers\Directory.Build.props
	EndProjectSection
EndProject
Project("{2150E333-8FDC-42A3-9474-1A3956D46DE8}") = "Solvers", "Solvers", "{7F6AC8D7-BC8E-4FDE-BA22-B0961D54C66C}"
	ProjectSection(SolutionItems) = preProject
		test\Solvers\Directory.Build.props = test\Solvers\Directory.Build.props
	EndProjectSection
EndProject
Project("{FAE04EC0-301F-11D3-BF4B-00C04F79EFBC}") = "AdventOfCode.Y2015", "src\Solvers\AdventOfCode.Y2015\AdventOfCode.Y2015.csproj", "{D8732697-CB0A-4597-A4D8-576B7DD19C7E}"
EndProject
Project("{FAE04EC0-301F-11D3-BF4B-00C04F79EFBC}") = "AdventOfCode.Y2022", "src\Solvers\AdventOfCode.Y2022\AdventOfCode.Y2022.csproj", "{CD496458-62D0-4F34-ABDE-CC78D7C0245E}"
EndProject
Project("{FAE04EC0-301F-11D3-BF4B-00C04F79EFBC}") = "AdventOfCode.Y2023", "src\Solvers\AdventOfCode.Y2023\AdventOfCode.Y2023.csproj", "{516C4CE6-A902-4C32-A488-7488F85B1AFA}"
EndProject
Project("{FAE04EC0-301F-11D3-BF4B-00C04F79EFBC}") = "AdventOfCode.Y2024", "src\Solvers\AdventOfCode.Y2024\AdventOfCode.Y2024.csproj", "{0B910028-77A6-4EB3-A141-8A21B351CA50}"
EndProject
Project("{FAE04EC0-301F-11D3-BF4B-00C04F79EFBC}") = "AdventOfCode.Y2015.Test", "test\Solvers\AdventOfCode.Y2015.Test\AdventOfCode.Y2015.Test.csproj", "{B4A3F4AE-78ED-4F1B-957A-D664ADC9E8ED}"
EndProject
Project("{FAE04EC0-301F-11D3-BF4B-00C04F79EFBC}") = "AdventOfCode.Y2022.Test", "test\Solvers\AdventOfCode.Y2022.Test\AdventOfCode.Y2022.Test.csproj", "{F78BE348-3F29-44F6-AF82-8DE96A0506EB}"
EndProject
Project("{FAE04EC0-301F-11D3-BF4B-00C04F79EFBC}") = "AdventOfCode.Y2023.Test", "test\Solvers\AdventOfCode.Y2023.Test\AdventOfCode.Y2023.Test.csproj", "{726854D0-FE1C-4A3C-9FFE-FF0E0E6978FF}"
EndProject
Project("{FAE04EC0-301F-11D3-BF4B-00C04F79EFBC}") = "AdventOfCode.Y2024.Test", "test\Solvers\AdventOfCode.Y2024.Test\AdventOfCode.Y2024.Test.csproj", "{05A65FF7-B55F-4B0F-BBD2-61AA4B7984A1}"
EndProject
Project("{FAE04EC0-301F-11D3-BF4B-00C04F79EFBC}") = "AdventOfCode.Y2018", "src\Solvers\AdventOfCode.Y2018\AdventOfCode.Y2018.csproj", "{A8D6C390-4689-4BF4-9EB4-7A524A791340}"
EndProject
Project("{FAE04EC0-301F-11D3-BF4B-00C04F79EFBC}") = "AdventOfCode.Y2018.Test", "test\Solvers\AdventOfCode.Y2018.Test\AdventOfCode.Y2018.Test.csproj", "{6CC0A43F-7419-409B-A601-AB4871C8BFE6}"
EndProject
Project("{FAE04EC0-301F-11D3-BF4B-00C04F79EFBC}") = "AdventOfCode.Y2019.Test", "test\Solvers\AdventOfCode.Y2019.Test\AdventOfCode.Y2019.Test.csproj", "{33D11CFB-8AF6-4BF6-B5ED-4F53CE3E0EBF}"
EndProject
Project("{FAE04EC0-301F-11D3-BF4B-00C04F79EFBC}") = "AdventOfCode.Y2019", "src\Solvers\AdventOfCode.Y2019\AdventOfCode.Y2019.csproj", "{0888BB07-64EF-487D-B225-181F513491C4}"
EndProject
Global
	GlobalSection(SolutionConfigurationPlatforms) = preSolution
		Debug|Any CPU = Debug|Any CPU
		Release|Any CPU = Release|Any CPU
	EndGlobalSection
	GlobalSection(ProjectConfigurationPlatforms) = postSolution
		{380F2A28-21A2-4D8F-B50D-BE3921CB83B7}.Debug|Any CPU.ActiveCfg = Debug|Any CPU
		{380F2A28-21A2-4D8F-B50D-BE3921CB83B7}.Debug|Any CPU.Build.0 = Debug|Any CPU
		{380F2A28-21A2-4D8F-B50D-BE3921CB83B7}.Release|Any CPU.ActiveCfg = Release|Any CPU
		{380F2A28-21A2-4D8F-B50D-BE3921CB83B7}.Release|Any CPU.Build.0 = Release|Any CPU
		{A6F797DF-BA0E-4B53-8EAD-31E08B997411}.Debug|Any CPU.ActiveCfg = Debug|Any CPU
		{A6F797DF-BA0E-4B53-8EAD-31E08B997411}.Debug|Any CPU.Build.0 = Debug|Any CPU
		{A6F797DF-BA0E-4B53-8EAD-31E08B997411}.Release|Any CPU.ActiveCfg = Release|Any CPU
		{A6F797DF-BA0E-4B53-8EAD-31E08B997411}.Release|Any CPU.Build.0 = Release|Any CPU
		{D8732697-CB0A-4597-A4D8-576B7DD19C7E}.Debug|Any CPU.ActiveCfg = Debug|Any CPU
		{D8732697-CB0A-4597-A4D8-576B7DD19C7E}.Debug|Any CPU.Build.0 = Debug|Any CPU
		{D8732697-CB0A-4597-A4D8-576B7DD19C7E}.Release|Any CPU.ActiveCfg = Release|Any CPU
		{D8732697-CB0A-4597-A4D8-576B7DD19C7E}.Release|Any CPU.Build.0 = Release|Any CPU
		{CD496458-62D0-4F34-ABDE-CC78D7C0245E}.Debug|Any CPU.ActiveCfg = Debug|Any CPU
		{CD496458-62D0-4F34-ABDE-CC78D7C0245E}.Debug|Any CPU.Build.0 = Debug|Any CPU
		{CD496458-62D0-4F34-ABDE-CC78D7C0245E}.Release|Any CPU.ActiveCfg = Release|Any CPU
		{CD496458-62D0-4F34-ABDE-CC78D7C0245E}.Release|Any CPU.Build.0 = Release|Any CPU
		{516C4CE6-A902-4C32-A488-7488F85B1AFA}.Debug|Any CPU.ActiveCfg = Debug|Any CPU
		{516C4CE6-A902-4C32-A488-7488F85B1AFA}.Debug|Any CPU.Build.0 = Debug|Any CPU
		{516C4CE6-A902-4C32-A488-7488F85B1AFA}.Release|Any CPU.ActiveCfg = Release|Any CPU
		{516C4CE6-A902-4C32-A488-7488F85B1AFA}.Release|Any CPU.Build.0 = Release|Any CPU
		{0B910028-77A6-4EB3-A141-8A21B351CA50}.Debug|Any CPU.ActiveCfg = Debug|Any CPU
		{0B910028-77A6-4EB3-A141-8A21B351CA50}.Debug|Any CPU.Build.0 = Debug|Any CPU
		{0B910028-77A6-4EB3-A141-8A21B351CA50}.Release|Any CPU.ActiveCfg = Release|Any CPU
		{0B910028-77A6-4EB3-A141-8A21B351CA50}.Release|Any CPU.Build.0 = Release|Any CPU
		{B4A3F4AE-78ED-4F1B-957A-D664ADC9E8ED}.Debug|Any CPU.ActiveCfg = Debug|Any CPU
		{B4A3F4AE-78ED-4F1B-957A-D664ADC9E8ED}.Debug|Any CPU.Build.0 = Debug|Any CPU
		{B4A3F4AE-78ED-4F1B-957A-D664ADC9E8ED}.Release|Any CPU.ActiveCfg = Release|Any CPU
		{B4A3F4AE-78ED-4F1B-957A-D664ADC9E8ED}.Release|Any CPU.Build.0 = Release|Any CPU
		{F78BE348-3F29-44F6-AF82-8DE96A0506EB}.Debug|Any CPU.ActiveCfg = Debug|Any CPU
		{F78BE348-3F29-44F6-AF82-8DE96A0506EB}.Debug|Any CPU.Build.0 = Debug|Any CPU
		{F78BE348-3F29-44F6-AF82-8DE96A0506EB}.Release|Any CPU.ActiveCfg = Release|Any CPU
		{F78BE348-3F29-44F6-AF82-8DE96A0506EB}.Release|Any CPU.Build.0 = Release|Any CPU
		{726854D0-FE1C-4A3C-9FFE-FF0E0E6978FF}.Debug|Any CPU.ActiveCfg = Debug|Any CPU
		{726854D0-FE1C-4A3C-9FFE-FF0E0E6978FF}.Debug|Any CPU.Build.0 = Debug|Any CPU
		{726854D0-FE1C-4A3C-9FFE-FF0E0E6978FF}.Release|Any CPU.ActiveCfg = Release|Any CPU
		{726854D0-FE1C-4A3C-9FFE-FF0E0E6978FF}.Release|Any CPU.Build.0 = Release|Any CPU
		{05A65FF7-B55F-4B0F-BBD2-61AA4B7984A1}.Debug|Any CPU.ActiveCfg = Debug|Any CPU
		{05A65FF7-B55F-4B0F-BBD2-61AA4B7984A1}.Debug|Any CPU.Build.0 = Debug|Any CPU
		{05A65FF7-B55F-4B0F-BBD2-61AA4B7984A1}.Release|Any CPU.ActiveCfg = Release|Any CPU
		{05A65FF7-B55F-4B0F-BBD2-61AA4B7984A1}.Release|Any CPU.Build.0 = Release|Any CPU
		{A8D6C390-4689-4BF4-9EB4-7A524A791340}.Debug|Any CPU.ActiveCfg = Debug|Any CPU
		{A8D6C390-4689-4BF4-9EB4-7A524A791340}.Debug|Any CPU.Build.0 = Debug|Any CPU
		{A8D6C390-4689-4BF4-9EB4-7A524A791340}.Release|Any CPU.ActiveCfg = Release|Any CPU
		{A8D6C390-4689-4BF4-9EB4-7A524A791340}.Release|Any CPU.Build.0 = Release|Any CPU
		{6CC0A43F-7419-409B-A601-AB4871C8BFE6}.Debug|Any CPU.ActiveCfg = Debug|Any CPU
		{6CC0A43F-7419-409B-A601-AB4871C8BFE6}.Debug|Any CPU.Build.0 = Debug|Any CPU
		{6CC0A43F-7419-409B-A601-AB4871C8BFE6}.Release|Any CPU.ActiveCfg = Release|Any CPU
		{6CC0A43F-7419-409B-A601-AB4871C8BFE6}.Release|Any CPU.Build.0 = Release|Any CPU
		{33D11CFB-8AF6-4BF6-B5ED-4F53CE3E0EBF}.Debug|Any CPU.ActiveCfg = Debug|Any CPU
		{33D11CFB-8AF6-4BF6-B5ED-4F53CE3E0EBF}.Debug|Any CPU.Build.0 = Debug|Any CPU
		{33D11CFB-8AF6-4BF6-B5ED-4F53CE3E0EBF}.Release|Any CPU.ActiveCfg = Release|Any CPU
		{33D11CFB-8AF6-4BF6-B5ED-4F53CE3E0EBF}.Release|Any CPU.Build.0 = Release|Any CPU
		{0888BB07-64EF-487D-B225-181F513491C4}.Debug|Any CPU.ActiveCfg = Debug|Any CPU
		{0888BB07-64EF-487D-B225-181F513491C4}.Debug|Any CPU.Build.0 = Debug|Any CPU
		{0888BB07-64EF-487D-B225-181F513491C4}.Release|Any CPU.ActiveCfg = Release|Any CPU
		{0888BB07-64EF-487D-B225-181F513491C4}.Release|Any CPU.Build.0 = Release|Any CPU
	EndGlobalSection
	GlobalSection(SolutionProperties) = preSolution
		HideSolutionNode = FALSE
	EndGlobalSection
	GlobalSection(NestedProjects) = preSolution
		{7D3B9166-60E8-462E-A19C-866D83A12BFF} = {FE517000-65F5-4769-A0A9-7FF21C8D856B}
		{D4B314C3-7E7E-404F-AB4A-98E69625D0FA} = {7D3B9166-60E8-462E-A19C-866D83A12BFF}
		{A6A2D77F-C4E9-4E55-88CD-8F3D93F775EC} = {FE517000-65F5-4769-A0A9-7FF21C8D856B}
		{0608F857-AD44-4068-8D30-A196ADD00CEE} = {FE517000-65F5-4769-A0A9-7FF21C8D856B}
		{1B321B1E-CF37-464C-851A-16FAA3F88049} = {FE517000-65F5-4769-A0A9-7FF21C8D856B}
		{86AB2C83-29FB-46CF-96D9-CDF6EC99BE6E} = {563890C6-D9EA-40ED-8249-4A4B4AAAA0B3}
		{380F2A28-21A2-4D8F-B50D-BE3921CB83B7} = {86AB2C83-29FB-46CF-96D9-CDF6EC99BE6E}
		{84824890-4279-4B48-9BC8-D837FDD40ED6} = {40C4DDBA-74F8-46EB-B7CC-CA061AAAD101}
		{A6F797DF-BA0E-4B53-8EAD-31E08B997411} = {84824890-4279-4B48-9BC8-D837FDD40ED6}
		{7BD0218D-0096-4323-85CC-DAD6EAD10F02} = {563890C6-D9EA-40ED-8249-4A4B4AAAA0B3}
		{7F6AC8D7-BC8E-4FDE-BA22-B0961D54C66C} = {40C4DDBA-74F8-46EB-B7CC-CA061AAAD101}
		{D8732697-CB0A-4597-A4D8-576B7DD19C7E} = {7BD0218D-0096-4323-85CC-DAD6EAD10F02}
		{CD496458-62D0-4F34-ABDE-CC78D7C0245E} = {7BD0218D-0096-4323-85CC-DAD6EAD10F02}
		{516C4CE6-A902-4C32-A488-7488F85B1AFA} = {7BD0218D-0096-4323-85CC-DAD6EAD10F02}
		{0B910028-77A6-4EB3-A141-8A21B351CA50} = {7BD0218D-0096-4323-85CC-DAD6EAD10F02}
		{B4A3F4AE-78ED-4F1B-957A-D664ADC9E8ED} = {7F6AC8D7-BC8E-4FDE-BA22-B0961D54C66C}
		{F78BE348-3F29-44F6-AF82-8DE96A0506EB} = {7F6AC8D7-BC8E-4FDE-BA22-B0961D54C66C}
		{726854D0-FE1C-4A3C-9FFE-FF0E0E6978FF} = {7F6AC8D7-BC8E-4FDE-BA22-B0961D54C66C}
		{05A65FF7-B55F-4B0F-BBD2-61AA4B7984A1} = {7F6AC8D7-BC8E-4FDE-BA22-B0961D54C66C}
		{A8D6C390-4689-4BF4-9EB4-7A524A791340} = {7BD0218D-0096-4323-85CC-DAD6EAD10F02}
		{6CC0A43F-7419-409B-A601-AB4871C8BFE6} = {7F6AC8D7-BC8E-4FDE-BA22-B0961D54C66C}
		{33D11CFB-8AF6-4BF6-B5ED-4F53CE3E0EBF} = {7F6AC8D7-BC8E-4FDE-BA22-B0961D54C66C}
		{0888BB07-64EF-487D-B225-181F513491C4} = {7BD0218D-0096-4323-85CC-DAD6EAD10F02}
	EndGlobalSection
	GlobalSection(ExtensibilityGlobals) = postSolution
		SolutionGuid = {F0BA7C98-EAAA-4B9F-909E-C7441F52158C}
	EndGlobalSection
EndGlobal
