{
  "version": 2,
  "dependencies": {
    "net10.0": {
      "FluentAssertions": {
        "type": "Direct",
        "requested": "[8.10.0, 8.10.0]",
        "resolved": "8.10.0",
        "contentHash": "yGvv+xp0gHFgGwhQcGoDdKIrhLhPi3zYYWWLLHPMctr+G6PWD7QH8L4wqoa5WRZquPbfSV/cP1MraI7ppAHrWw=="
      },
      "StyleCop.Analyzers": {
        "type": "Direct",
        "requested": "[1.2.0-beta.556, 1.2.0-beta.556]",
        "resolved": "1.2.0-beta.556",
        "contentHash": "llRPgmA1fhC0I0QyFLEcjvtM2239QzKr/tcnbsjArLMJxJlu0AA5G7Fft0OI30pHF3MW63Gf4aSSsjc5m82J1Q==",
        "dependencies": {
          "StyleCop.Analyzers.Unstable": "1.2.0.556"
        }
      },
      "TUnit": {
        "type": "Direct",
        "requested": "[1.66.10, 1.66.10]",
        "resolved": "1.66.10",
        "contentHash": "YqPLa8xMtzkCyEfn2smLxjcn2Dtb7aK4ejis2tjuSn13Hvm12mfZBGYDTmhFOKeVy2a1HGX5Rh3soCioRDQp2w==",
        "dependencies": {
          "Microsoft.Testing.Extensions.CodeCoverage": "18.10.0",
          "Microsoft.Testing.Extensions.Telemetry": "2.4.0",
          "Microsoft.Testing.Extensions.TrxReport": "2.3.3",
          "TUnit.Assertions": "1.66.10",
          "TUnit.Engine": "1.66.10"
        }
      },
      "Microsoft.ApplicationInsights": {
        "type": "Transitive",
        "resolved": "2.23.0",
        "contentHash": "nWArUZTdU7iqZLycLKWe0TDms48KKGE6pONH2terYNa8REXiqixrMOkf1sk5DHGMaUTqONU2YkS4SAXBhLStgw=="
      },
      "Microsoft.DiaSymReader": {
        "type": "Transitive",
        "resolved": "2.2.10",
        "contentHash": "zmGsm6b2y3STDa/Of7rdkkfTDV8VuGB8aCqIkLoJIQh5tL78K3zJ8OUyFKnfsaORXmGr9iOKwDkZfUjeXi+CwA=="
      },
      "Microsoft.Extensions.DependencyModel": {
        "type": "Transitive",
        "resolved": "10.0.10",
        "contentHash": "rfZA1RjR021RPqSmIPovfz2aOd79TGqJ9BengbjnzIISOVwjLmuSDnhCMmiY/1c6iYvGolQ1iNGzkav0u11XEA=="
      },
      "Microsoft.Testing.Extensions.CodeCoverage": {
        "type": "Transitive",
        "resolved": "18.10.0",
        "contentHash": "elUX4tKloHh2VCxagbmhV1039xBuE3lKXITtt/hUYU286hl+ja8poOUsF9OnevKoFKt7+p9vLb1LqqW7rFGi9Q==",
        "dependencies": {
          "Microsoft.DiaSymReader": "2.2.10",
          "Microsoft.Extensions.DependencyModel": "10.0.10",
          "Microsoft.Testing.Platform": "2.3.3"
        }
      },
      "Microsoft.Testing.Extensions.Telemetry": {
        "type": "Transitive",
        "resolved": "2.4.0",
        "contentHash": "JeP1RFqBa11fWmBk8xEfZcMKr4rxWSyI6OZ+659V069CaMkTEOQBW2UdSSeNz3absOsygcn7JJkzerC4LGnZ9w==",
        "dependencies": {
          "Microsoft.ApplicationInsights": "2.23.0",
          "Microsoft.Testing.Platform": "[2.4.0, 3.0.0)"
        }
      },
      "Microsoft.Testing.Extensions.TrxReport": {
        "type": "Transitive",
        "resolved": "2.3.3",
        "contentHash": "vYBqGSlT94B8d6d4PRdPQ83ogn3kK4kXcnI3SlHBHZu1XsU01IDTMnWoto5v5wXN/Mz4XsVM3Do/sJdGRgH29g==",
        "dependencies": {
          "Microsoft.Testing.Extensions.TrxReport.Abstractions": "2.3.3",
          "Microsoft.Testing.Platform": "2.3.3"
        }
      },
      "Microsoft.Testing.Extensions.TrxReport.Abstractions": {
        "type": "Transitive",
        "resolved": "2.4.0",
        "contentHash": "uRb+4qM42dFDg4kWJZ2kFEcwESNVCRZJjItp5vETorN3rSJGysP617LqYirOcrCYmxg+obPreHMM5JcsNDKtBw==",
        "dependencies": {
          "Microsoft.Testing.Platform": "[2.4.0, 3.0.0)"
        }
      },
      "Microsoft.Testing.Platform": {
        "type": "Transitive",
        "resolved": "2.4.0",
        "contentHash": "dp1N3P1ujb0ztwFgqz2o/ItEvq+pm19/AiA+Xq7Zpcy7oPMcxDBZLYGtf0LlU1MveEBJuKVjZhI+LnkfcH/0jQ=="
      },
      "Microsoft.Testing.Platform.MSBuild": {
        "type": "Transitive",
        "resolved": "2.4.0",
        "contentHash": "qr5M6h16YHMJLFDcWELFVMMpGte2BUmveBZKT5YoBV+bmuJRPu9bv/Zqke4yQuOEKRNxoAETrG5jr+/6Rnr3Hg==",
        "dependencies": {
          "Microsoft.Testing.Platform": "[2.4.0, 3.0.0)"
        }
      },
      "Spectre.Console": {
        "type": "Transitive",
        "resolved": "0.54.0",
        "contentHash": "StDXCFayfy0yB1xzUHT2tgEpV1/HFTiS4JgsAQS49EYTfMixSwwucaQs/bIOCwXjWwIQTMuxjUIxcB5XsJkFJA=="
      },
      "StyleCop.Analyzers.Unstable": {
        "type": "Transitive",
        "resolved": "1.2.0.556",
        "contentHash": "zvn9Mqs/ox/83cpYPignI8hJEM2A93s2HkHs8HYMOAQW0PkampyoErAiIyKxgTLqbbad29HX/shv/6LGSjPJNQ=="
      },
      "TUnit.Assertions": {
        "type": "Transitive",
        "resolved": "1.66.10",
        "contentHash": "hhafeF2BHQFKn6p+dL7XM8VEWen3E404eXORL6CVWdNnqTj1HqC/D8yh87kdXdpIfO8cHVBgTf+7GiiQenFKGg=="
      },
      "TUnit.Core": {
        "type": "Transitive",
        "resolved": "1.66.10",
        "contentHash": "I88XlUrsWEu57ZXeFhmPReqm2D6eum+V11dhxxPQrDdwGYYDLHP+ydpzwcKdf/DnPT/wF7ie/C2+AgK+A8q+nA=="
      },
      "TUnit.Engine": {
        "type": "Transitive",
        "resolved": "1.66.10",
        "contentHash": "fKEjcWsnq7A80mzzoDxDiNyHlTZSto9XLnNAAg9GY0IMFH1yLvX2VafcbidBR4IHYUqZ8f9RND4fBiBOjDaGYA==",
        "dependencies": {
          "Microsoft.Testing.Extensions.TrxReport.Abstractions": "2.4.0",
          "Microsoft.Testing.Platform": "2.4.0",
          "Microsoft.Testing.Platform.MSBuild": "2.4.0",
          "TUnit.Core": "1.66.10"
        }
      },
      "adventofcode.common": {
        "type": "Project",
        "dependencies": {
          "AoCHelper": "[4.1.0, 4.1.0]"
        }
      },
      "adventofcode.common.test": {
        "type": "Project",
        "dependencies": {
          "AdventOfCode.Common": "[1.0.0, )",
          "FluentAssertions": "[8.10.0, 8.10.0]",
          "TUnit": "[1.66.10, 1.66.10]"
        }
      },
      "adventofcode.y2018": {
        "type": "Project",
        "dependencies": {
          "AdventOfCode.Common": "[1.0.0, )",
          "AoCHelper": "[4.1.0, 4.1.0]",
          "CommunityToolkit.HighPerformance": "[8.4.2, 8.4.2]",
          "FileParser": "[4.0.0, 4.0.0]"
        }
      },
      "AoCHelper": {
        "type": "CentralTransitive",
        "requested": "[4.1.0, 4.1.0]",
        "resolved": "4.1.0",
        "contentHash": "kMtiNnlPZhOyIjx2/XLk5JLgwKuhW1QMhrA38HRgIgdc5HUQF8ehp632XEPUZndNuAbk9PEZ5wdoiMlgOt2qLA==",
        "dependencies": {
          "Spectre.Console": "0.54.0"
        }
      },
      "CommunityToolkit.HighPerformance": {
        "type": "CentralTransitive",
        "requested": "[8.4.2, 8.4.2]",
        "resolved": "8.4.2",
        "contentHash": "2hmtrrU18x6NL3mbuAqwy0KpnoEEJOuK6sH5RKQfD/jHijn2pqvqBUC7WGy9dgNBL9BDA7eOC0kirsNPMp2f4Q=="
      },
      "FileParser": {
        "type": "CentralTransitive",
        "requested": "[4.0.0, 4.0.0]",
        "resolved": "4.0.0",
        "contentHash": "ayFIQhQ0dH8RoJ2nrNzk9n7dLoNqtGCuwQJZoRaV1vHVCmw9E3Mk8XILeT3j5nWootQtFwxFRgjIRypbcl2m8g=="
      }
    }
  }
}